{
  "name": "se.klevebrand.solar",
  "version": "1.0.0",
  "lockfileVersion": 3,
  "requires": true,
  "packages": {
    "": {
      "name": "se.klevebrand.solar",
      "version": "1.0.0",
      "devDependencies": {
        "@tsconfig/node16": "^16.1.0",
        "@types/homey": "npm:homey-apps-sdk-v3-types@^0.3.4",
        "@types/node": "^20.4.9"
      }
    },
    "node_modules/@tsconfig/node16": {
      "version": "16.1.0",
      "resolved": "https://registry.npmjs.org/@tsconfig/node16/-/node16-16.1.0.tgz",
      "integrity": "sha512-cfwhqrdZEKS+Iqu1OPDwmKsOV/eo7q4sPhWzOXc1rU77nnPFV3+77yPg8uKQ2e8eir6mERCvrKnd+EGa4qo4bQ==",
      "dev": true
    },
    "node_modules/@types/homey": {
      "name": "homey-apps-sdk-v3-types",
      "version": "0.3.4",
      "resolved": "https://registry.npmjs.org/homey-apps-sdk-v3-types/-/homey-apps-sdk-v3-types-0.3.4.tgz",
      "integrity": "sha512-daGWdd/uVZWvsy33RY2ljgeTrZWREaVG0J7cYRMJMqzfUMeey8A+8QryBcySwuc84DG1lP1kSTP3fFCe/CeRZA==",
      "dev": true,
      "dependencies": {
        "@types/node": "^14.14.20"
      }
    },
    "node_modules/@types/homey/node_modules/@types/node": {
      "version": "14.18.54",
      "resolved": "https://registry.npmjs.org/@types/node/-/node-14.18.54.tgz",
      "integrity": "sha512-uq7O52wvo2Lggsx1x21tKZgqkJpvwCseBBPtX/nKQfpVlEsLOb11zZ1CRsWUKvJF0+lzuA9jwvA7Pr2Wt7i3xw==",
      "dev": true
    },
    "node_modules/@types/node": {
      "version": "20.4.9",
      "resolved": "https://registry.npmjs.org/@types/node/-/node-20.4.9.tgz",
      "integrity": "sha512-8e2HYcg7ohnTUbHk8focoklEQYvemQmu9M/f43DZVx43kHn0tE3BY/6gSDxS7k0SprtS0NHvj+L80cGLnoOUcQ==",
      "dev": true
    }
  }
}
